
Microsoft Visual Studio Solution File, Format Version 12.00
# Visual Studio Version 17
VisualStudioVersion = 17.1.32421.90
MinimumVisualStudioVersion = 10.0.40219.1
Project("{FAE04EC0-301F-11D3-BF4B-00C04F79EFBC}") = "ExercicesDeParticipation1", "ExercicesDeParticipation1\ExercicesDeParticipation1.csproj", "{0E634327-9871-43A4-8759-F86992B0B872}"
EndProject
Project("{FAE04EC0-301F-11D3-BF4B-00C04F79EFBC}") = "TestsExercicesDeParticipation", "TestsExercicesDeParticipation\TestsExercicesDeParticipation.csproj", "{EB3CD939-16C0-4BE2-B18C-D4E472146BC6}"
EndProject
Global
	GlobalSection(SolutionConfigurationPlatforms) = preSolution
		Debug|Any CPU = Debug|Any CPU
		Release|Any CPU = Release|Any CPU
	EndGlobalSection
	GlobalSection(ProjectConfigurationPlatforms) = postSolution
		{0E634327-9871-43A4-8759-F86992B0B872}.Debug|Any CPU.ActiveCfg = Debug|Any CPU
		{0E634327-9871-43A4-8759-F86992B0B872}.Debug|Any CPU.Build.0 = Debug|Any CPU
		{0E634327-9871-43A4-8759-F86992B0B872}.Release|Any CPU.ActiveCfg = Release|Any CPU
		{0E634327-9871-43A4-8759-F86992B0B872}.Release|Any CPU.Build.0 = Release|Any CPU
		{EB3CD939-16C0-4BE2-B18C-D4E472146BC6}.Debug|Any CPU.ActiveCfg = Debug|Any CPU
		{EB3CD939-16C0-4BE2-B18C-D4E472146BC6}.Debug|Any CPU.Build.0 = Debug|Any CPU
		{EB3CD939-16C0-4BE2-B18C-D4E472146BC6}.Release|Any CPU.ActiveCfg = Release|Any CPU
		{EB3CD939-16C0-4BE2-B18C-D4E472146BC6}.Release|Any CPU.Build.0 = Release|Any CPU
	EndGlobalSection
	GlobalSection(SolutionProperties) = preSolution
		HideSolutionNode = FALSE
	EndGlobalSection
	GlobalSection(ExtensibilityGlobals) = postSolution
		SolutionGuid = {CB024EB8-5D97-4646-B341-594A1CA56569}
	EndGlobalSection
EndGlobal
